{
  "name": "omni-parser",
  "version": "2.0.1",
  "lockfileVersion": 3,
  "requires": true,
  "packages": {
    "": {
      "name": "omni-parser",
      "version": "2.0.1",
      "license": "ISC",
      "dependencies": {
        "node-fetch": "^2.7.0",
        "scdl-core": "^1.1.0",
        "ytdl-core": "^4.11.5",
        "ytpl": "^2.3.0"
      }
    },
    "node_modules/axios": {
      "version": "0.23.0",
      "resolved": "https://registry.npmjs.org/axios/-/axios-0.23.0.tgz",
      "integrity": "sha512-NmvAE4i0YAv5cKq8zlDoPd1VLKAqX5oLuZKs8xkJa4qi6RGn0uhCYFjWtHHC9EM/MwOwYWOs53W+V0aqEXq1sg==",
      "dependencies": {
        "follow-redirects": "^1.14.4"
      }
    },
    "node_modules/follow-redirects": {
      "version": "1.15.3",
      "resolved": "https://registry.npmjs.org/follow-redirects/-/follow-redirects-1.15.3.tgz",
      "integrity": "sha512-1VzOtuEM8pC9SFU1E+8KfTjZyMztRsgEfwQl44z8A25uy13jSzTj6dyK2Df52iV0vgHCfBwLhDWevLn95w5v6Q==",
      "funding": [
        {
          "type": "individual",
          "url": "https://github.com/sponsors/RubenVerborgh"
        }
      ],
      "engines": {
        "node": ">=4.0"
      },
      "peerDependenciesMeta": {
        "debug": {
          "optional": true
        }
      }
    },
    "node_modules/lodash": {
      "version": "4.17.21",
      "resolved": "https://registry.npmjs.org/lodash/-/lodash-4.17.21.tgz",
      "integrity": "sha512-v2kDEe57lecTulaDIuNTPy3Ry4gLGJ6Z1O3vE1krgXZNrsQ+LFTGHVxVjcXPs17LhbZVGedAJv8XZ1tvj5FvSg=="
    },
    "node_modules/m3u8stream": {
      "version": "0.8.6",
      "resolved": "https://registry.npmjs.org/m3u8stream/-/m3u8stream-0.8.6.tgz",
      "integrity": "sha512-LZj8kIVf9KCphiHmH7sbFQTVe4tOemb202fWwvJwR9W5ENW/1hxJN6ksAWGhQgSBSa3jyWhnjKU1Fw1GaOdbyA==",
      "dependencies": {
        "miniget": "^4.2.2",
        "sax": "^1.2.4"
      },
      "engines": {
        "node": ">=12"
      }
    },
    "node_modules/miniget": {
      "version": "4.2.3",
      "resolved": "https://registry.npmjs.org/miniget/-/miniget-4.2.3.tgz",
      "integrity": "sha512-SjbDPDICJ1zT+ZvQwK0hUcRY4wxlhhNpHL9nJOB2MEAXRGagTljsO8MEDzQMTFf0Q8g4QNi8P9lEm/g7e+qgzA==",
      "engines": {
        "node": ">=12"
      }
    },
    "node_modules/node-fetch": {
      "version": "2.7.0",
      "resolved": "https://registry.npmjs.org/node-fetch/-/node-fetch-2.7.0.tgz",
      "integrity": "sha512-c4FRfUm/dbcWZ7U+1Wq0AwCyFL+3nt2bEw05wfxSz+DWpWsitgmSgYmy2dQdWyKC1694ELPqMs/YzUSNozLt8A==",
      "dependencies": {
        "whatwg-url": "^5.0.0"
      },
      "engines": {
        "node": "4.x || >=6.0.0"
      },
      "peerDependencies": {
        "encoding": "^0.1.0"
      },
      "peerDependenciesMeta": {
        "encoding": {
          "optional": true
        }
      }
    },
    "node_modules/sax": {
      "version": "1.3.0",
      "resolved": "https://registry.npmjs.org/sax/-/sax-1.3.0.tgz",
      "integrity": "sha512-0s+oAmw9zLl1V1cS9BtZN7JAd0cW5e0QH4W3LWEK6a4LaLEA2OTpGYWDY+6XasBLtz6wkm3u1xRw95mRuJ59WA=="
    },
    "node_modules/scdl-core": {
      "version": "1.1.0",
      "resolved": "https://registry.npmjs.org/scdl-core/-/scdl-core-1.1.0.tgz",
      "integrity": "sha512-ReRVs8f3ivBwX6lrFBmZgvWawd0pghjJKKEy6WtOXFYoHHiUv2oYK8LobHYFGgis1UeNK841OjbYXzpZi3m8sQ==",
      "dependencies": {
        "axios": "^0.23.0",
        "lodash": "^4.17.21",
        "m3u8stream": "^0.8.4"
      }
    },
    "node_modules/tr46": {
      "version": "0.0.3",
      "resolved": "https://registry.npmjs.org/tr46/-/tr46-0.0.3.tgz",
      "integrity": "sha512-N3WMsuqV66lT30CrXNbEjx4GEwlow3v6rr4mCcv6prnfwhS01rkgyFdjPNBYd9br7LpXV1+Emh01fHnq2Gdgrw=="
    },
    "node_modules/webidl-conversions": {
      "version": "3.0.1",
      "resolved": "https://registry.npmjs.org/webidl-conversions/-/webidl-conversions-3.0.1.tgz",
      "integrity": "sha512-2JAn3z8AR6rjK8Sm8orRC0h/bcl/DqL7tRPdGZ4I1CjdF+EaMLmYxBHyXuKL849eucPFhvBoxMsflfOb8kxaeQ=="
    },
    "node_modules/whatwg-url": {
      "version": "5.0.0",
      "resolved": "https://registry.npmjs.org/whatwg-url/-/whatwg-url-5.0.0.tgz",
      "integrity": "sha512-saE57nupxk6v3HY35+jzBwYa0rKSy0XR8JSxZPwgLr7ys0IBzhGviA1/TUGJLmSVqs8pb9AnvICXEuOHLprYTw==",
      "dependencies": {
        "tr46": "~0.0.3",
        "webidl-conversions": "^3.0.0"
      }
    },
    "node_modules/ytdl-core": {
      "version": "4.11.5",
      "resolved": "https://registry.npmjs.org/ytdl-core/-/ytdl-core-4.11.5.tgz",
      "integrity": "sha512-27LwsW4n4nyNviRCO1hmr8Wr5J1wLLMawHCQvH8Fk0hiRqrxuIu028WzbJetiYH28K8XDbeinYW4/wcHQD1EXA==",
      "dependencies": {
        "m3u8stream": "^0.8.6",
        "miniget": "^4.2.2",
        "sax": "^1.1.3"
      },
      "engines": {
        "node": ">=12"
      }
    },
    "node_modules/ytpl": {
      "version": "2.3.0",
      "resolved": "https://registry.npmjs.org/ytpl/-/ytpl-2.3.0.tgz",
      "integrity": "sha512-Cfw2rxq3PFK6qgWr2Z8gsRefVahEzbn9XEuiJldqdXHE6GhO7kTfEvbZKdfXing1SmgW635uJ/UL2g8r0fvu2Q==",
      "dependencies": {
        "miniget": "^4.2.2"
      },
      "engines": {
        "node": ">=8"
      }
    }
  }
}
